
Microsoft Visual Studio Solution File, Format Version 12.00
# Visual Studio Version 17
VisualStudioVersion = 17.4.33122.133
MinimumVisualStudioVersion = 10.0.40219.1
Project("{FAE04EC0-301F-11D3-BF4B-00C04F79EFBC}") = "BlazorContacts", "BlazorContacts\BlazorContacts.csproj", "{92236BC3-BC24-4214-8EDD-92AE96312849}"
EndProject
Global
	GlobalSection(SolutionConfigurationPlatforms) = preSolution
		Debug|Any CPU = Debug|Any CPU
		Release|Any CPU = Release|Any CPU
	EndGlobalSection
	GlobalSection(ProjectConfigurationPlatforms) = postSolution
		{92236BC3-BC24-4214-8EDD-92AE96312849}.Debug|Any CPU.ActiveCfg = Debug|Any CPU
		{92236BC3-BC24-4214-8EDD-92AE96312849}.Debug|Any CPU.Build.0 = Debug|Any CPU
		{92236BC3-BC24-4214-8EDD-92AE96312849}.Release|Any CPU.ActiveCfg = Release|Any CPU
		{92236BC3-BC24-4214-8EDD-92AE96312849}.Release|Any CPU.Build.0 = Release|Any CPU
	EndGlobalSection
	GlobalSection(SolutionProperties) = preSolution
		HideSolutionNode = FALSE
	EndGlobalSection
	GlobalSection(ExtensibilityGlobals) = postSolution
		SolutionGuid = {5D025383-AD32-48C1-9AEB-CC1733B2A477}
	EndGlobalSection
EndGlobal
